
Microsoft Visual Studio Solution File, Format Version 12.00
# Visual Studio Express 2013 for Windows Desktop
VisualStudioVersion = 12.0.40629.0
MinimumVisualStudioVersion = 10.0.40219.1
Project("{8BC9CEB8-8B4A-11D0-8D11-00A0C91BC942}") = "Zombie Invasion", "Zombie Invasion\Zombie Invasion.vcxproj", "{C81A0E98-3D33-49D5-B435-BFEFAC21BC61}"
EndProject
Global
	GlobalSection(SolutionConfigurationPlatforms) = preSolution
		Debug|Win32 = Debug|Win32
		Release|Win32 = Release|Win32
	EndGlobalSection
	GlobalSection(ProjectConfigurationPlatforms) = postSolution
		{C81A0E98-3D33-49D5-B435-BFEFAC21BC61}.Debug|Win32.ActiveCfg = Debug|Win32
		{C81A0E98-3D33-49D5-B435-BFEFAC21BC61}.Debug|Win32.Build.0 = Debug|Win32
		{C81A0E98-3D33-49D5-B435-BFEFAC21BC61}.Release|Win32.ActiveCfg = Release|Win32
		{C81A0E98-3D33-49D5-B435-BFEFAC21BC61}.Release|Win32.Build.0 = Release|Win32
	EndGlobalSection
	GlobalSection(SolutionProperties) = preSolution
		HideSolutionNode = FALSE
	EndGlobalSection
EndGlobal
